
Microsoft Visual Studio Solution File, Format Version 12.00
# Visual Studio Version 16
VisualStudioVersion = 16.0.31321.278
MinimumVisualStudioVersion = 10.0.40219.1
Project("{FAE04EC0-301F-11D3-BF4B-00C04F79EFBC}") = "WpfApp3", "WpfApp3.csproj", "{5178EDB3-B5A4-4A44-83E3-2E552C74D6DD}"
EndProject
Global
	GlobalSection(SolutionConfigurationPlatforms) = preSolution
		Debug|Any CPU = Debug|Any CPU
		Release|Any CPU = Release|Any CPU
	EndGlobalSection
	GlobalSection(ProjectConfigurationPlatforms) = postSolution
		{5178EDB3-B5A4-4A44-83E3-2E552C74D6DD}.Debug|Any CPU.ActiveCfg = Debug|Any CPU
		{5178EDB3-B5A4-4A44-83E3-2E552C74D6DD}.Debug|Any CPU.Build.0 = Debug|Any CPU
		{5178EDB3-B5A4-4A44-83E3-2E552C74D6DD}.Release|Any CPU.ActiveCfg = Release|Any CPU
		{5178EDB3-B5A4-4A44-83E3-2E552C74D6DD}.Release|Any CPU.Build.0 = Release|Any CPU
	EndGlobalSection
	GlobalSection(SolutionProperties) = preSolution
		HideSolutionNode = FALSE
	EndGlobalSection
	GlobalSection(ExtensibilityGlobals) = postSolution
		SolutionGuid = {530CAB84-F540-44DE-B3DF-0DCC36CE4CCF}
	EndGlobalSection
EndGlobal
